{
  "name": "pinecall-ringing-example",
  "lockfileVersion": 3,
  "requires": true,
  "packages": {
    "": {
      "name": "pinecall-ringing-example",
      "dependencies": {
        "@pinecall/sdk": "file:../../"
      }
    },
    "../..": {
      "name": "@pinecall/sdk",
      "version": "0.2.7",
      "license": "MIT",
      "dependencies": {
        "ws": "^8.19.0"
      },
      "devDependencies": {
        "@types/node": "^25.4.0",
        "@types/ws": "^8.18.1",
        "mock-socket": "^9.3.1",
        "tsup": "^8.0.0",
        "typescript": "^5.4.0",
        "vitest": "^4.1.6",
        "vitest-websocket-mock": "^0.5.0"
      },
      "engines": {
        "node": ">=18"
      }
    },
    "node_modules/@pinecall/sdk": {
      "resolved": "../..",
      "link": true
    }
  }
}
