{
  "name": "pinecall-simple-example",
  "lockfileVersion": 3,
  "requires": true,
  "packages": {
    "": {
      "name": "pinecall-simple-example",
      "dependencies": {
        "@pinecall/sdk": "file:../../",
        "dotenv": "^17.4.2"
      }
    },
    "../..": {
      "name": "@pinecall/sdk",
      "version": "0.2.7",
      "license": "MIT",
      "dependencies": {
        "ws": "^8.19.0"
      },
      "bin": {
        "pinecall": "dist/cli.js"
      },
      "devDependencies": {
        "@types/node": "^25.4.0",
        "@types/ws": "^8.18.1",
        "mock-socket": "^9.3.1",
        "tsup": "^8.0.0",
        "typescript": "^5.4.0",
        "vitest": "^4.1.6",
        "vitest-websocket-mock": "^0.5.0"
      },
      "engines": {
        "node": ">=18"
      }
    },
    "node_modules/@pinecall/sdk": {
      "resolved": "../..",
      "link": true
    },
    "node_modules/dotenv": {
      "version": "17.4.2",
      "resolved": "https://registry.npmjs.org/dotenv/-/dotenv-17.4.2.tgz",
      "integrity": "sha512-nI4U3TottKAcAD9LLud4Cb7b2QztQMUEfHbvhTH09bqXTxnSie8WnjPALV/WMCrJZ6UV/qHJ6L03OqO3LcdYZw==",
      "license": "BSD-2-Clause",
      "engines": {
        "node": ">=12"
      },
      "funding": {
        "url": "https://dotenvx.com"
      }
    }
  }
}
